
Microsoft Visual Studio Solution File, Format Version 12.00
# Visual Studio 15
VisualStudioVersion = 15.0.27130.2010
MinimumVisualStudioVersion = 10.0.40219.1
Project("{FAE04EC0-301F-11D3-BF4B-00C04F79EFBC}") = "Rectangle-of-10x10-Stars", "Rectangle-of-10x10-Stars\Rectangle-of-10x10-Stars.csproj", "{8C4889F4-557F-4684-86BC-14A7644EF568}"
EndProject
Project("{FAE04EC0-301F-11D3-BF4B-00C04F79EFBC}") = "RectangleOfNxNStars", "RectangleOfNxNStars\RectangleOfNxNStars.csproj", "{C9D5C15A-4E26-4FC1-8189-AE8C1ADA3320}"
EndProject
Project("{FAE04EC0-301F-11D3-BF4B-00C04F79EFBC}") = "SquareNxNStars", "SquareNxNStars\SquareNxNStars.csproj", "{5480CAD8-C24C-4AF9-93D5-D1C9F24035AF}"
EndProject
Project("{FAE04EC0-301F-11D3-BF4B-00C04F79EFBC}") = "TriangleOfDollars", "TriangleOfDollars\TriangleOfDollars.csproj", "{20FF62B1-D37F-4C6F-9F01-97F24FF30EDC}"
EndProject
Project("{FAE04EC0-301F-11D3-BF4B-00C04F79EFBC}") = "SquareFrame", "SquareFrame\SquareFrame.csproj", "{0452C7CE-6084-484F-8BBE-E9394C9BEE53}"
EndProject
Project("{FAE04EC0-301F-11D3-BF4B-00C04F79EFBC}") = "DiamondOfStars", "DiamondOfStars\DiamondOfStars.csproj", "{182A6AAA-2240-4363-AAA9-856CCBA1410E}"
EndProject
Project("{FAE04EC0-301F-11D3-BF4B-00C04F79EFBC}") = "ChristmasTree", "ChristmasTree\ChristmasTree.csproj", "{96E44F4D-476F-4D11-ACBC-F55A30518212}"
EndProject
Project("{FAE04EC0-301F-11D3-BF4B-00C04F79EFBC}") = "SunGlasses", "SunGlasses\SunGlasses.csproj", "{B98F9350-FF04-4E27-B764-8ECD08E840DD}"
EndProject
Project("{FAE04EC0-301F-11D3-BF4B-00C04F79EFBC}") = "House", "House\House.csproj", "{7B328CEA-1079-42CC-947D-DB04A08A0CBC}"
EndProject
Global
	GlobalSection(SolutionConfigurationPlatforms) = preSolution
		Debug|Any CPU = Debug|Any CPU
		Debug|ARM = Debug|ARM
		Debug|x64 = Debug|x64
		Debug|x86 = Debug|x86
		Release|Any CPU = Release|Any CPU
		Release|ARM = Release|ARM
		Release|x64 = Release|x64
		Release|x86 = Release|x86
	EndGlobalSection
	GlobalSection(ProjectConfigurationPlatforms) = postSolution
		{8C4889F4-557F-4684-86BC-14A7644EF568}.Debug|Any CPU.ActiveCfg = Debug|Any CPU
		{8C4889F4-557F-4684-86BC-14A7644EF568}.Debug|Any CPU.Build.0 = Debug|Any CPU
		{8C4889F4-557F-4684-86BC-14A7644EF568}.Debug|ARM.ActiveCfg = Debug|Any CPU
		{8C4889F4-557F-4684-86BC-14A7644EF568}.Debug|ARM.Build.0 = Debug|Any CPU
		{8C4889F4-557F-4684-86BC-14A7644EF568}.Debug|x64.ActiveCfg = Debug|Any CPU
		{8C4889F4-557F-4684-86BC-14A7644EF568}.Debug|x64.Build.0 = Debug|Any CPU
		{8C4889F4-557F-4684-86BC-14A7644EF568}.Debug|x86.ActiveCfg = Debug|Any CPU
		{8C4889F4-557F-4684-86BC-14A7644EF568}.Debug|x86.Build.0 = Debug|Any CPU
		{8C4889F4-557F-4684-86BC-14A7644EF568}.Release|Any CPU.ActiveCfg = Release|Any CPU
		{8C4889F4-557F-4684-86BC-14A7644EF568}.Release|Any CPU.Build.0 = Release|Any CPU
		{8C4889F4-557F-4684-86BC-14A7644EF568}.Release|ARM.ActiveCfg = Release|Any CPU
		{8C4889F4-557F-4684-86BC-14A7644EF568}.Release|ARM.Build.0 = Release|Any CPU
		{8C4889F4-557F-4684-86BC-14A7644EF568}.Release|x64.ActiveCfg = Release|Any CPU
		{8C4889F4-557F-4684-86BC-14A7644EF568}.Release|x64.Build.0 = Release|Any CPU
		{8C4889F4-557F-4684-86BC-14A7644EF568}.Release|x86.ActiveCfg = Release|Any CPU
		{8C4889F4-557F-4684-86BC-14A7644EF568}.Release|x86.Build.0 = Release|Any CPU
		{C9D5C15A-4E26-4FC1-8189-AE8C1ADA3320}.Debug|Any CPU.ActiveCfg = Debug|Any CPU
		{C9D5C15A-4E26-4FC1-8189-AE8C1ADA3320}.Debug|Any CPU.Build.0 = Debug|Any CPU
		{C9D5C15A-4E26-4FC1-8189-AE8C1ADA3320}.Debug|ARM.ActiveCfg = Debug|Any CPU
		{C9D5C15A-4E26-4FC1-8189-AE8C1ADA3320}.Debug|ARM.Build.0 = Debug|Any CPU
		{C9D5C15A-4E26-4FC1-8189-AE8C1ADA3320}.Debug|x64.ActiveCfg = Debug|Any CPU
		{C9D5C15A-4E26-4FC1-8189-AE8C1ADA3320}.Debug|x64.Build.0 = Debug|Any CPU
		{C9D5C15A-4E26-4FC1-8189-AE8C1ADA3320}.Debug|x86.ActiveCfg = Debug|Any CPU
		{C9D5C15A-4E26-4FC1-8189-AE8C1ADA3320}.Debug|x86.Build.0 = Debug|Any CPU
		{C9D5C15A-4E26-4FC1-8189-AE8C1ADA3320}.Release|Any CPU.ActiveCfg = Release|Any CPU
		{C9D5C15A-4E26-4FC1-8189-AE8C1ADA3320}.Release|Any CPU.Build.0 = Release|Any CPU
		{C9D5C15A-4E26-4FC1-8189-AE8C1ADA3320}.Release|ARM.ActiveCfg = Release|Any CPU
		{C9D5C15A-4E26-4FC1-8189-AE8C1ADA3320}.Release|ARM.Build.0 = Release|Any CPU
		{C9D5C15A-4E26-4FC1-8189-AE8C1ADA3320}.Release|x64.ActiveCfg = Release|Any CPU
		{C9D5C15A-4E26-4FC1-8189-AE8C1ADA3320}.Release|x64.Build.0 = Release|Any CPU
		{C9D5C15A-4E26-4FC1-8189-AE8C1ADA3320}.Release|x86.ActiveCfg = Release|Any CPU
		{C9D5C15A-4E26-4FC1-8189-AE8C1ADA3320}.Release|x86.Build.0 = Release|Any CPU
		{5480CAD8-C24C-4AF9-93D5-D1C9F24035AF}.Debug|Any CPU.ActiveCfg = Debug|Any CPU
		{5480CAD8-C24C-4AF9-93D5-D1C9F24035AF}.Debug|Any CPU.Build.0 = Debug|Any CPU
		{5480CAD8-C24C-4AF9-93D5-D1C9F24035AF}.Debug|ARM.ActiveCfg = Debug|Any CPU
		{5480CAD8-C24C-4AF9-93D5-D1C9F24035AF}.Debug|ARM.Build.0 = Debug|Any CPU
		{5480CAD8-C24C-4AF9-93D5-D1C9F24035AF}.Debug|x64.ActiveCfg = Debug|Any CPU
		{5480CAD8-C24C-4AF9-93D5-D1C9F24035AF}.Debug|x64.Build.0 = Debug|Any CPU
		{5480CAD8-C24C-4AF9-93D5-D1C9F24035AF}.Debug|x86.ActiveCfg = Debug|Any CPU
		{5480CAD8-C24C-4AF9-93D5-D1C9F24035AF}.Debug|x86.Build.0 = Debug|Any CPU
		{5480CAD8-C24C-4AF9-93D5-D1C9F24035AF}.Release|Any CPU.ActiveCfg = Release|Any CPU
		{5480CAD8-C24C-4AF9-93D5-D1C9F24035AF}.Release|Any CPU.Build.0 = Release|Any CPU
		{5480CAD8-C24C-4AF9-93D5-D1C9F24035AF}.Release|ARM.ActiveCfg = Release|Any CPU
		{5480CAD8-C24C-4AF9-93D5-D1C9F24035AF}.Release|ARM.Build.0 = Release|Any CPU
		{5480CAD8-C24C-4AF9-93D5-D1C9F24035AF}.Release|x64.ActiveCfg = Release|Any CPU
		{5480CAD8-C24C-4AF9-93D5-D1C9F24035AF}.Release|x64.Build.0 = Release|Any CPU
		{5480CAD8-C24C-4AF9-93D5-D1C9F24035AF}.Release|x86.ActiveCfg = Release|Any CPU
		{5480CAD8-C24C-4AF9-93D5-D1C9F24035AF}.Release|x86.Build.0 = Release|Any CPU
		{20FF62B1-D37F-4C6F-9F01-97F24FF30EDC}.Debug|Any CPU.ActiveCfg = Debug|Any CPU
		{20FF62B1-D37F-4C6F-9F01-97F24FF30EDC}.Debug|Any CPU.Build.0 = Debug|Any CPU
		{20FF62B1-D37F-4C6F-9F01-97F24FF30EDC}.Debug|ARM.ActiveCfg = Debug|Any CPU
		{20FF62B1-D37F-4C6F-9F01-97F24FF30EDC}.Debug|ARM.Build.0 = Debug|Any CPU
		{20FF62B1-D37F-4C6F-9F01-97F24FF30EDC}.Debug|x64.ActiveCfg = Debug|Any CPU
		{20FF62B1-D37F-4C6F-9F01-97F24FF30EDC}.Debug|x64.Build.0 = Debug|Any CPU
		{20FF62B1-D37F-4C6F-9F01-97F24FF30EDC}.Debug|x86.ActiveCfg = Debug|Any CPU
		{20FF62B1-D37F-4C6F-9F01-97F24FF30EDC}.Debug|x86.Build.0 = Debug|Any CPU
		{20FF62B1-D37F-4C6F-9F01-97F24FF30EDC}.Release|Any CPU.ActiveCfg = Release|Any CPU
		{20FF62B1-D37F-4C6F-9F01-97F24FF30EDC}.Release|Any CPU.Build.0 = Release|Any CPU
		{20FF62B1-D37F-4C6F-9F01-97F24FF30EDC}.Release|ARM.ActiveCfg = Release|Any CPU
		{20FF62B1-D37F-4C6F-9F01-97F24FF30EDC}.Release|ARM.Build.0 = Release|Any CPU
		{20FF62B1-D37F-4C6F-9F01-97F24FF30EDC}.Release|x64.ActiveCfg = Release|Any CPU
		{20FF62B1-D37F-4C6F-9F01-97F24FF30EDC}.Release|x64.Build.0 = Release|Any CPU
		{20FF62B1-D37F-4C6F-9F01-97F24FF30EDC}.Release|x86.ActiveCfg = Release|Any CPU
		{20FF62B1-D37F-4C6F-9F01-97F24FF30EDC}.Release|x86.Build.0 = Release|Any CPU
		{0452C7CE-6084-484F-8BBE-E9394C9BEE53}.Debug|Any CPU.ActiveCfg = Debug|Any CPU
		{0452C7CE-6084-484F-8BBE-E9394C9BEE53}.Debug|Any CPU.Build.0 = Debug|Any CPU
		{0452C7CE-6084-484F-8BBE-E9394C9BEE53}.Debug|ARM.ActiveCfg = Debug|Any CPU
		{0452C7CE-6084-484F-8BBE-E9394C9BEE53}.Debug|ARM.Build.0 = Debug|Any CPU
		{0452C7CE-6084-484F-8BBE-E9394C9BEE53}.Debug|x64.ActiveCfg = Debug|Any CPU
		{0452C7CE-6084-484F-8BBE-E9394C9BEE53}.Debug|x64.Build.0 = Debug|Any CPU
		{0452C7CE-6084-484F-8BBE-E9394C9BEE53}.Debug|x86.ActiveCfg = Debug|Any CPU
		{0452C7CE-6084-484F-8BBE-E9394C9BEE53}.Debug|x86.Build.0 = Debug|Any CPU
		{0452C7CE-6084-484F-8BBE-E9394C9BEE53}.Release|Any CPU.ActiveCfg = Release|Any CPU
		{0452C7CE-6084-484F-8BBE-E9394C9BEE53}.Release|Any CPU.Build.0 = Release|Any CPU
		{0452C7CE-6084-484F-8BBE-E9394C9BEE53}.Release|ARM.ActiveCfg = Release|Any CPU
		{0452C7CE-6084-484F-8BBE-E9394C9BEE53}.Release|ARM.Build.0 = Release|Any CPU
		{0452C7CE-6084-484F-8BBE-E9394C9BEE53}.Release|x64.ActiveCfg = Release|Any CPU
		{0452C7CE-6084-484F-8BBE-E9394C9BEE53}.Release|x64.Build.0 = Release|Any CPU
		{0452C7CE-6084-484F-8BBE-E9394C9BEE53}.Release|x86.ActiveCfg = Release|Any CPU
		{0452C7CE-6084-484F-8BBE-E9394C9BEE53}.Release|x86.Build.0 = Release|Any CPU
		{182A6AAA-2240-4363-AAA9-856CCBA1410E}.Debug|Any CPU.ActiveCfg = Debug|Any CPU
		{182A6AAA-2240-4363-AAA9-856CCBA1410E}.Debug|Any CPU.Build.0 = Debug|Any CPU
		{182A6AAA-2240-4363-AAA9-856CCBA1410E}.Debug|ARM.ActiveCfg = Debug|Any CPU
		{182A6AAA-2240-4363-AAA9-856CCBA1410E}.Debug|ARM.Build.0 = Debug|Any CPU
		{182A6AAA-2240-4363-AAA9-856CCBA1410E}.Debug|x64.ActiveCfg = Debug|Any CPU
		{182A6AAA-2240-4363-AAA9-856CCBA1410E}.Debug|x64.Build.0 = Debug|Any CPU
		{182A6AAA-2240-4363-AAA9-856CCBA1410E}.Debug|x86.ActiveCfg = Debug|Any CPU
		{182A6AAA-2240-4363-AAA9-856CCBA1410E}.Debug|x86.Build.0 = Debug|Any CPU
		{182A6AAA-2240-4363-AAA9-856CCBA1410E}.Release|Any CPU.ActiveCfg = Release|Any CPU
		{182A6AAA-2240-4363-AAA9-856CCBA1410E}.Release|Any CPU.Build.0 = Release|Any CPU
		{182A6AAA-2240-4363-AAA9-856CCBA1410E}.Release|ARM.ActiveCfg = Release|Any CPU
		{182A6AAA-2240-4363-AAA9-856CCBA1410E}.Release|ARM.Build.0 = Release|Any CPU
		{182A6AAA-2240-4363-AAA9-856CCBA1410E}.Release|x64.ActiveCfg = Release|Any CPU
		{182A6AAA-2240-4363-AAA9-856CCBA1410E}.Release|x64.Build.0 = Release|Any CPU
		{182A6AAA-2240-4363-AAA9-856CCBA1410E}.Release|x86.ActiveCfg = Release|Any CPU
		{182A6AAA-2240-4363-AAA9-856CCBA1410E}.Release|x86.Build.0 = Release|Any CPU
		{96E44F4D-476F-4D11-ACBC-F55A30518212}.Debug|Any CPU.ActiveCfg = Debug|Any CPU
		{96E44F4D-476F-4D11-ACBC-F55A30518212}.Debug|Any CPU.Build.0 = Debug|Any CPU
		{96E44F4D-476F-4D11-ACBC-F55A30518212}.Debug|ARM.ActiveCfg = Debug|Any CPU
		{96E44F4D-476F-4D11-ACBC-F55A30518212}.Debug|ARM.Build.0 = Debug|Any CPU
		{96E44F4D-476F-4D11-ACBC-F55A30518212}.Debug|x64.ActiveCfg = Debug|Any CPU
		{96E44F4D-476F-4D11-ACBC-F55A30518212}.Debug|x64.Build.0 = Debug|Any CPU
		{96E44F4D-476F-4D11-ACBC-F55A30518212}.Debug|x86.ActiveCfg = Debug|Any CPU
		{96E44F4D-476F-4D11-ACBC-F55A30518212}.Debug|x86.Build.0 = Debug|Any CPU
		{96E44F4D-476F-4D11-ACBC-F55A30518212}.Release|Any CPU.ActiveCfg = Release|Any CPU
		{96E44F4D-476F-4D11-ACBC-F55A30518212}.Release|Any CPU.Build.0 = Release|Any CPU
		{96E44F4D-476F-4D11-ACBC-F55A30518212}.Release|ARM.ActiveCfg = Release|Any CPU
		{96E44F4D-476F-4D11-ACBC-F55A30518212}.Release|ARM.Build.0 = Release|Any CPU
		{96E44F4D-476F-4D11-ACBC-F55A30518212}.Release|x64.ActiveCfg = Release|Any CPU
		{96E44F4D-476F-4D11-ACBC-F55A30518212}.Release|x64.Build.0 = Release|Any CPU
		{96E44F4D-476F-4D11-ACBC-F55A30518212}.Release|x86.ActiveCfg = Release|Any CPU
		{96E44F4D-476F-4D11-ACBC-F55A30518212}.Release|x86.Build.0 = Release|Any CPU
		{B98F9350-FF04-4E27-B764-8ECD08E840DD}.Debug|Any CPU.ActiveCfg = Debug|Any CPU
		{B98F9350-FF04-4E27-B764-8ECD08E840DD}.Debug|Any CPU.Build.0 = Debug|Any CPU
		{B98F9350-FF04-4E27-B764-8ECD08E840DD}.Debug|ARM.ActiveCfg = Debug|Any CPU
		{B98F9350-FF04-4E27-B764-8ECD08E840DD}.Debug|ARM.Build.0 = Debug|Any CPU
		{B98F9350-FF04-4E27-B764-8ECD08E840DD}.Debug|x64.ActiveCfg = Debug|Any CPU
		{B98F9350-FF04-4E27-B764-8ECD08E840DD}.Debug|x64.Build.0 = Debug|Any CPU
		{B98F9350-FF04-4E27-B764-8ECD08E840DD}.Debug|x86.ActiveCfg = Debug|Any CPU
		{B98F9350-FF04-4E27-B764-8ECD08E840DD}.Debug|x86.Build.0 = Debug|Any CPU
		{B98F9350-FF04-4E27-B764-8ECD08E840DD}.Release|Any CPU.ActiveCfg = Release|Any CPU
		{B98F9350-FF04-4E27-B764-8ECD08E840DD}.Release|Any CPU.Build.0 = Release|Any CPU
		{B98F9350-FF04-4E27-B764-8ECD08E840DD}.Release|ARM.ActiveCfg = Release|Any CPU
		{B98F9350-FF04-4E27-B764-8ECD08E840DD}.Release|ARM.Build.0 = Release|Any CPU
		{B98F9350-FF04-4E27-B764-8ECD08E840DD}.Release|x64.ActiveCfg = Release|Any CPU
		{B98F9350-FF04-4E27-B764-8ECD08E840DD}.Release|x64.Build.0 = Release|Any CPU
		{B98F9350-FF04-4E27-B764-8ECD08E840DD}.Release|x86.ActiveCfg = Release|Any CPU
		{B98F9350-FF04-4E27-B764-8ECD08E840DD}.Release|x86.Build.0 = Release|Any CPU
		{7B328CEA-1079-42CC-947D-DB04A08A0CBC}.Debug|Any CPU.ActiveCfg = Debug|Any CPU
		{7B328CEA-1079-42CC-947D-DB04A08A0CBC}.Debug|Any CPU.Build.0 = Debug|Any CPU
		{7B328CEA-1079-42CC-947D-DB04A08A0CBC}.Debug|ARM.ActiveCfg = Debug|Any CPU
		{7B328CEA-1079-42CC-947D-DB04A08A0CBC}.Debug|ARM.Build.0 = Debug|Any CPU
		{7B328CEA-1079-42CC-947D-DB04A08A0CBC}.Debug|x64.ActiveCfg = Debug|Any CPU
		{7B328CEA-1079-42CC-947D-DB04A08A0CBC}.Debug|x64.Build.0 = Debug|Any CPU
		{7B328CEA-1079-42CC-947D-DB04A08A0CBC}.Debug|x86.ActiveCfg = Debug|Any CPU
		{7B328CEA-1079-42CC-947D-DB04A08A0CBC}.Debug|x86.Build.0 = Debug|Any CPU
		{7B328CEA-1079-42CC-947D-DB04A08A0CBC}.Release|Any CPU.ActiveCfg = Release|Any CPU
		{7B328CEA-1079-42CC-947D-DB04A08A0CBC}.Release|Any CPU.Build.0 = Release|Any CPU
		{7B328CEA-1079-42CC-947D-DB04A08A0CBC}.Release|ARM.ActiveCfg = Release|Any CPU
		{7B328CEA-1079-42CC-947D-DB04A08A0CBC}.Release|ARM.Build.0 = Release|Any CPU
		{7B328CEA-1079-42CC-947D-DB04A08A0CBC}.Release|x64.ActiveCfg = Release|Any CPU
		{7B328CEA-1079-42CC-947D-DB04A08A0CBC}.Release|x64.Build.0 = Release|Any CPU
		{7B328CEA-1079-42CC-947D-DB04A08A0CBC}.Release|x86.ActiveCfg = Release|Any CPU
		{7B328CEA-1079-42CC-947D-DB04A08A0CBC}.Release|x86.Build.0 = Release|Any CPU
	EndGlobalSection
	GlobalSection(SolutionProperties) = preSolution
		HideSolutionNode = FALSE
	EndGlobalSection
	GlobalSection(ExtensibilityGlobals) = postSolution
		SolutionGuid = {8AF703A6-621B-4FC0-91B5-A5513B0C76F2}
	EndGlobalSection
EndGlobal
