
Microsoft Visual Studio Solution File, Format Version 12.00
# Visual Studio 15
VisualStudioVersion = 15.0.27130.2010
MinimumVisualStudioVersion = 10.0.40219.1
Project("{FAE04EC0-301F-11D3-BF4B-00C04F79EFBC}") = "Numbers-With-Float", "Numbers-With-Float\Numbers-With-Float.csproj", "{1DA48C23-AECD-4E49-BE0C-AF2E98C9FDA1}"
EndProject
Project("{FAE04EC0-301F-11D3-BF4B-00C04F79EFBC}") = "Circle-Face", "Circle-Face\Circle-Face.csproj", "{4E73077F-8109-4D7D-9431-5CDE07EFF092}"
EndProject
Project("{FAE04EC0-301F-11D3-BF4B-00C04F79EFBC}") = "Exact-Amount", "Exact-Amount\Exact-Amount.csproj", "{9023449A-1640-40F2-B479-AB45114F8BF5}"
EndProject
Project("{FAE04EC0-301F-11D3-BF4B-00C04F79EFBC}") = "Rectangle", "Rectangle\Rectangle.csproj", "{DDCE2613-55C5-457A-9BD2-89E392A89129}"
EndProject
Project("{FAE04EC0-301F-11D3-BF4B-00C04F79EFBC}") = "Speed-Conversion", "Speed-Conversion\Speed-Conversion.csproj", "{504228A5-450A-449E-B235-80E901DE4531}"
EndProject
Global
	GlobalSection(SolutionConfigurationPlatforms) = preSolution
		Debug|Any CPU = Debug|Any CPU
		Release|Any CPU = Release|Any CPU
	EndGlobalSection
	GlobalSection(ProjectConfigurationPlatforms) = postSolution
		{1DA48C23-AECD-4E49-BE0C-AF2E98C9FDA1}.Debug|Any CPU.ActiveCfg = Debug|Any CPU
		{1DA48C23-AECD-4E49-BE0C-AF2E98C9FDA1}.Debug|Any CPU.Build.0 = Debug|Any CPU
		{1DA48C23-AECD-4E49-BE0C-AF2E98C9FDA1}.Release|Any CPU.ActiveCfg = Release|Any CPU
		{1DA48C23-AECD-4E49-BE0C-AF2E98C9FDA1}.Release|Any CPU.Build.0 = Release|Any CPU
		{4E73077F-8109-4D7D-9431-5CDE07EFF092}.Debug|Any CPU.ActiveCfg = Debug|Any CPU
		{4E73077F-8109-4D7D-9431-5CDE07EFF092}.Debug|Any CPU.Build.0 = Debug|Any CPU
		{4E73077F-8109-4D7D-9431-5CDE07EFF092}.Release|Any CPU.ActiveCfg = Release|Any CPU
		{4E73077F-8109-4D7D-9431-5CDE07EFF092}.Release|Any CPU.Build.0 = Release|Any CPU
		{9023449A-1640-40F2-B479-AB45114F8BF5}.Debug|Any CPU.ActiveCfg = Debug|Any CPU
		{9023449A-1640-40F2-B479-AB45114F8BF5}.Debug|Any CPU.Build.0 = Debug|Any CPU
		{9023449A-1640-40F2-B479-AB45114F8BF5}.Release|Any CPU.ActiveCfg = Release|Any CPU
		{9023449A-1640-40F2-B479-AB45114F8BF5}.Release|Any CPU.Build.0 = Release|Any CPU
		{DDCE2613-55C5-457A-9BD2-89E392A89129}.Debug|Any CPU.ActiveCfg = Debug|Any CPU
		{DDCE2613-55C5-457A-9BD2-89E392A89129}.Debug|Any CPU.Build.0 = Debug|Any CPU
		{DDCE2613-55C5-457A-9BD2-89E392A89129}.Release|Any CPU.ActiveCfg = Release|Any CPU
		{DDCE2613-55C5-457A-9BD2-89E392A89129}.Release|Any CPU.Build.0 = Release|Any CPU
		{504228A5-450A-449E-B235-80E901DE4531}.Debug|Any CPU.ActiveCfg = Debug|Any CPU
		{504228A5-450A-449E-B235-80E901DE4531}.Debug|Any CPU.Build.0 = Debug|Any CPU
		{504228A5-450A-449E-B235-80E901DE4531}.Release|Any CPU.ActiveCfg = Release|Any CPU
		{504228A5-450A-449E-B235-80E901DE4531}.Release|Any CPU.Build.0 = Release|Any CPU
	EndGlobalSection
	GlobalSection(SolutionProperties) = preSolution
		HideSolutionNode = FALSE
	EndGlobalSection
	GlobalSection(ExtensibilityGlobals) = postSolution
		SolutionGuid = {7CAE31A9-7880-47FD-84FE-6B890171EC73}
	EndGlobalSection
EndGlobal
