
Microsoft Visual Studio Solution File, Format Version 12.00
# Visual Studio 15
VisualStudioVersion = 15.0.27004.2009
MinimumVisualStudioVersion = 10.0.40219.1
Project("{FAE04EC0-301F-11D3-BF4B-00C04F79EFBC}") = "NumberToWords", "NumberToWords\NumberToWords.csproj", "{E0ABC308-5F6E-41F7-9B2C-FDE3A9648837}"
EndProject
Project("{FAE04EC0-301F-11D3-BF4B-00C04F79EFBC}") = "BonusPoints", "BonusPoints\BonusPoints.csproj", "{B0C05CCF-4176-4EE2-B94D-4B2B804AD82B}"
EndProject
Project("{FAE04EC0-301F-11D3-BF4B-00C04F79EFBC}") = "SumOfSeconds", "SumOfSeconds\SumOfSeconds.csproj", "{5A42A98F-9691-49AC-B6DE-A569DC558713}"
EndProject
Project("{FAE04EC0-301F-11D3-BF4B-00C04F79EFBC}") = "UnitConvertor", "UnitConvertor\UnitConvertor.csproj", "{DDC95308-5E47-4A54-96AF-1F51C65AF84F}"
EndProject
Project("{FAE04EC0-301F-11D3-BF4B-00C04F79EFBC}") = "Number100_200", "Number100_200\Number100_200.csproj", "{74FB6F9F-AA91-4E85-BD56-5126681C95F2}"
EndProject
Project("{FAE04EC0-301F-11D3-BF4B-00C04F79EFBC}") = "SpeedInfo", "SpeedInfo\SpeedInfo.csproj", "{1B14369C-C5AF-4E74-BF14-1981BDFFCF62}"
EndProject
Project("{FAE04EC0-301F-11D3-BF4B-00C04F79EFBC}") = "FigureArea", "FigureArea\FigureArea.csproj", "{15809828-0155-469D-B8DF-1CAD59A14799}"
EndProject
Project("{FAE04EC0-301F-11D3-BF4B-00C04F79EFBC}") = "NumberToWords_100", "NumberToWords_100\NumberToWords_100.csproj", "{6BC07761-7EE7-4A2A-B97D-D4E613EA40C1}"
EndProject
Global
	GlobalSection(SolutionConfigurationPlatforms) = preSolution
		Debug|Any CPU = Debug|Any CPU
		Release|Any CPU = Release|Any CPU
	EndGlobalSection
	GlobalSection(ProjectConfigurationPlatforms) = postSolution
		{E0ABC308-5F6E-41F7-9B2C-FDE3A9648837}.Debug|Any CPU.ActiveCfg = Debug|Any CPU
		{E0ABC308-5F6E-41F7-9B2C-FDE3A9648837}.Debug|Any CPU.Build.0 = Debug|Any CPU
		{E0ABC308-5F6E-41F7-9B2C-FDE3A9648837}.Release|Any CPU.ActiveCfg = Release|Any CPU
		{E0ABC308-5F6E-41F7-9B2C-FDE3A9648837}.Release|Any CPU.Build.0 = Release|Any CPU
		{B0C05CCF-4176-4EE2-B94D-4B2B804AD82B}.Debug|Any CPU.ActiveCfg = Debug|Any CPU
		{B0C05CCF-4176-4EE2-B94D-4B2B804AD82B}.Debug|Any CPU.Build.0 = Debug|Any CPU
		{B0C05CCF-4176-4EE2-B94D-4B2B804AD82B}.Release|Any CPU.ActiveCfg = Release|Any CPU
		{B0C05CCF-4176-4EE2-B94D-4B2B804AD82B}.Release|Any CPU.Build.0 = Release|Any CPU
		{5A42A98F-9691-49AC-B6DE-A569DC558713}.Debug|Any CPU.ActiveCfg = Debug|Any CPU
		{5A42A98F-9691-49AC-B6DE-A569DC558713}.Debug|Any CPU.Build.0 = Debug|Any CPU
		{5A42A98F-9691-49AC-B6DE-A569DC558713}.Release|Any CPU.ActiveCfg = Release|Any CPU
		{5A42A98F-9691-49AC-B6DE-A569DC558713}.Release|Any CPU.Build.0 = Release|Any CPU
		{DDC95308-5E47-4A54-96AF-1F51C65AF84F}.Debug|Any CPU.ActiveCfg = Debug|Any CPU
		{DDC95308-5E47-4A54-96AF-1F51C65AF84F}.Debug|Any CPU.Build.0 = Debug|Any CPU
		{DDC95308-5E47-4A54-96AF-1F51C65AF84F}.Release|Any CPU.ActiveCfg = Release|Any CPU
		{DDC95308-5E47-4A54-96AF-1F51C65AF84F}.Release|Any CPU.Build.0 = Release|Any CPU
		{74FB6F9F-AA91-4E85-BD56-5126681C95F2}.Debug|Any CPU.ActiveCfg = Debug|Any CPU
		{74FB6F9F-AA91-4E85-BD56-5126681C95F2}.Debug|Any CPU.Build.0 = Debug|Any CPU
		{74FB6F9F-AA91-4E85-BD56-5126681C95F2}.Release|Any CPU.ActiveCfg = Release|Any CPU
		{74FB6F9F-AA91-4E85-BD56-5126681C95F2}.Release|Any CPU.Build.0 = Release|Any CPU
		{1B14369C-C5AF-4E74-BF14-1981BDFFCF62}.Debug|Any CPU.ActiveCfg = Debug|Any CPU
		{1B14369C-C5AF-4E74-BF14-1981BDFFCF62}.Debug|Any CPU.Build.0 = Debug|Any CPU
		{1B14369C-C5AF-4E74-BF14-1981BDFFCF62}.Release|Any CPU.ActiveCfg = Release|Any CPU
		{1B14369C-C5AF-4E74-BF14-1981BDFFCF62}.Release|Any CPU.Build.0 = Release|Any CPU
		{15809828-0155-469D-B8DF-1CAD59A14799}.Debug|Any CPU.ActiveCfg = Debug|Any CPU
		{15809828-0155-469D-B8DF-1CAD59A14799}.Debug|Any CPU.Build.0 = Debug|Any CPU
		{15809828-0155-469D-B8DF-1CAD59A14799}.Release|Any CPU.ActiveCfg = Release|Any CPU
		{15809828-0155-469D-B8DF-1CAD59A14799}.Release|Any CPU.Build.0 = Release|Any CPU
		{6BC07761-7EE7-4A2A-B97D-D4E613EA40C1}.Debug|Any CPU.ActiveCfg = Debug|Any CPU
		{6BC07761-7EE7-4A2A-B97D-D4E613EA40C1}.Debug|Any CPU.Build.0 = Debug|Any CPU
		{6BC07761-7EE7-4A2A-B97D-D4E613EA40C1}.Release|Any CPU.ActiveCfg = Release|Any CPU
		{6BC07761-7EE7-4A2A-B97D-D4E613EA40C1}.Release|Any CPU.Build.0 = Release|Any CPU
	EndGlobalSection
	GlobalSection(SolutionProperties) = preSolution
		HideSolutionNode = FALSE
	EndGlobalSection
	GlobalSection(ExtensibilityGlobals) = postSolution
		SolutionGuid = {E9967A10-015B-4E9B-A161-1CD5DEB3C898}
	EndGlobalSection
EndGlobal
